// !$*UTF8*$!
{
	archiveVersion = 1;
	classes = {
	};
	objectVersion = 56;
	objects = {

/* Begin PBXBuildFile section */
		890441B0290971F9007F670E /* SettingsView.swift in Sources */ = {isa = PBXBuildFile; fileRef = 890441AF290971F9007F670E /* SettingsView.swift */; };
		890441B229097391007F670E /* UISlider + Extension.swift in Sources */ = {isa = PBXBuildFile; fileRef = 890441B129097391007F670E /* UISlider + Extension.swift */; };
		892328EE2922A18000679630 /* UIControl + Extension.swift in Sources */ = {isa = PBXBuildFile; fileRef = 892328ED2922A18000679630 /* UIControl + Extension.swift */; };
		8949F4AF2900412400A77EDB /* StartViewModel.swift in Sources */ = {isa = PBXBuildFile; fileRef = 8949F4AE2900412400A77EDB /* StartViewModel.swift */; };
		8949F4B22900414B00A77EDB /* SettingsViewModel.swift in Sources */ = {isa = PBXBuildFile; fileRef = 8949F4B12900414B00A77EDB /* SettingsViewModel.swift */; };
		8949F4B52900415C00A77EDB /* RulesViewModel.swift in Sources */ = {isa = PBXBuildFile; fileRef = 8949F4B42900415C00A77EDB /* RulesViewModel.swift */; };
		89C60465290162FE0071A198 /* DataStorage.swift in Sources */ = {isa = PBXBuildFile; fileRef = 89C60464290162FE0071A198 /* DataStorage.swift */; };
		89F368572923927B005EDCE0 /* UIImageView + Extension.swift in Sources */ = {isa = PBXBuildFile; fileRef = 89F368562923927B005EDCE0 /* UIImageView + Extension.swift */; };
		8A1E92E12909F16400B8A58D /* GameViewController.swift in Sources */ = {isa = PBXBuildFile; fileRef = 8A1E92E02909F16400B8A58D /* GameViewController.swift */; };
		8A1E92E32909F17200B8A58D /* GameViewModel.swift in Sources */ = {isa = PBXBuildFile; fileRef = 8A1E92E22909F17200B8A58D /* GameViewModel.swift */; };
		8A1E92E82909F1D900B8A58D /* AnswerViewController.swift in Sources */ = {isa = PBXBuildFile; fileRef = 8A1E92E72909F1D900B8A58D /* AnswerViewController.swift */; };
		8A1E92EC2909F29000B8A58D /* StartRoundViewController.swift in Sources */ = {isa = PBXBuildFile; fileRef = 8A1E92EB2909F29000B8A58D /* StartRoundViewController.swift */; };
		8A1E92EE2909F29F00B8A58D /* StartRoundViewModel.swift in Sources */ = {isa = PBXBuildFile; fileRef = 8A1E92ED2909F29F00B8A58D /* StartRoundViewModel.swift */; };
		8A1E92F02909F2AF00B8A58D /* AnswerViewModel.swift in Sources */ = {isa = PBXBuildFile; fileRef = 8A1E92EF2909F2AF00B8A58D /* AnswerViewModel.swift */; };
		8A31245329015D0100BCCBB2 /* UIButton + Extension.swift in Sources */ = {isa = PBXBuildFile; fileRef = 8A31245229015D0100BCCBB2 /* UIButton + Extension.swift */; };
		8A3124562901698400BCCBB2 /* UILabel + Extension.swift in Sources */ = {isa = PBXBuildFile; fileRef = 8A3124552901698400BCCBB2 /* UILabel + Extension.swift */; };
		8A31245829016AA900BCCBB2 /* UIFont + Extension.swift in Sources */ = {isa = PBXBuildFile; fileRef = 8A31245729016AA900BCCBB2 /* UIFont + Extension.swift */; };
		8A31245A29016C9200BCCBB2 /* UIStackView + Extension.swift in Sources */ = {isa = PBXBuildFile; fileRef = 8A31245929016C9200BCCBB2 /* UIStackView + Extension.swift */; };
		8A31245C2901775F00BCCBB2 /* UIScrollView + Extension.swift in Sources */ = {isa = PBXBuildFile; fileRef = 8A31245B2901775E00BCCBB2 /* UIScrollView + Extension.swift */; };
		8A3124612902B49900BCCBB2 /* TeamBuildingViewController.swift in Sources */ = {isa = PBXBuildFile; fileRef = 8A3124602902B49900BCCBB2 /* TeamBuildingViewController.swift */; };
		8A3124642902B4BD00BCCBB2 /* TeamBuildingViewModel.swift in Sources */ = {isa = PBXBuildFile; fileRef = 8A3124632902B4BD00BCCBB2 /* TeamBuildingViewModel.swift */; };
		8A3124682902D45E00BCCBB2 /* DevelopersViewController.swift in Sources */ = {isa = PBXBuildFile; fileRef = 8A3124672902D45E00BCCBB2 /* DevelopersViewController.swift */; };
		8A31246B2902D49C00BCCBB2 /* DevelopersViewModel.swift in Sources */ = {isa = PBXBuildFile; fileRef = 8A31246A2902D49C00BCCBB2 /* DevelopersViewModel.swift */; };
		8A31246F2902DD4900BCCBB2 /* DeveloperView.swift in Sources */ = {isa = PBXBuildFile; fileRef = 8A31246E2902DD4900BCCBB2 /* DeveloperView.swift */; };
		8A76A35729046923001D38BD /* ResultViewController.swift in Sources */ = {isa = PBXBuildFile; fileRef = 8A76A35629046923001D38BD /* ResultViewController.swift */; };
		8A76A35929046931001D38BD /* ResultViewModel.swift in Sources */ = {isa = PBXBuildFile; fileRef = 8A76A35829046931001D38BD /* ResultViewModel.swift */; };
		8A76A35B29046BB1001D38BD /* ResultView.swift in Sources */ = {isa = PBXBuildFile; fileRef = 8A76A35A29046BB1001D38BD /* ResultView.swift */; };
		8A7BCDA8297B7ED3003DD681 /* BasicViewController.swift in Sources */ = {isa = PBXBuildFile; fileRef = 8A7BCDA7297B7ED3003DD681 /* BasicViewController.swift */; };
		8A7BCDAB297E3F99003DD681 /* UserSettings.swift in Sources */ = {isa = PBXBuildFile; fileRef = 8A7BCDAA297E3F99003DD681 /* UserSettings.swift */; };
		8A7BCDB1297EDAF7003DD681 /* SetupTeam.swift in Sources */ = {isa = PBXBuildFile; fileRef = 8A7BCDB0297EDAF7003DD681 /* SetupTeam.swift */; };
		8A80B1EF29084EF500E3CE40 /* UIColor + Extension.swift in Sources */ = {isa = PBXBuildFile; fileRef = 8A80B1EE29084EF500E3CE40 /* UIColor + Extension.swift */; };
		8A80B1F129091F7A00E3CE40 /* CustomTextField.swift in Sources */ = {isa = PBXBuildFile; fileRef = 8A80B1F029091F7A00E3CE40 /* CustomTextField.swift */; };
		8A80B1F32909226600E3CE40 /* CustomLabel.swift in Sources */ = {isa = PBXBuildFile; fileRef = 8A80B1F22909226600E3CE40 /* CustomLabel.swift */; };
		8A84472B290C82D7006B8DA5 /* QuestionView.swift in Sources */ = {isa = PBXBuildFile; fileRef = 8A84472A290C82D7006B8DA5 /* QuestionView.swift */; };
		8AB4E2CA29003D0200195D17 /* AppDelegate.swift in Sources */ = {isa = PBXBuildFile; fileRef = 8AB4E2C929003D0200195D17 /* AppDelegate.swift */; };
		8AB4E2CC29003D0200195D17 /* SceneDelegate.swift in Sources */ = {isa = PBXBuildFile; fileRef = 8AB4E2CB29003D0200195D17 /* SceneDelegate.swift */; };
		8AB4E2CE29003D0200195D17 /* StartViewController.swift in Sources */ = {isa = PBXBuildFile; fileRef = 8AB4E2CD29003D0200195D17 /* StartViewController.swift */; };
		8AB4E2D329003D0400195D17 /* Assets.xcassets in Resources */ = {isa = PBXBuildFile; fileRef = 8AB4E2D229003D0400195D17 /* Assets.xcassets */; };
		8AB4E2D629003D0400195D17 /* LaunchScreen.storyboard in Resources */ = {isa = PBXBuildFile; fileRef = 8AB4E2D429003D0400195D17 /* LaunchScreen.storyboard */; };
		8AB4E2DE29003F5E00195D17 /* SettingsViewController.swift in Sources */ = {isa = PBXBuildFile; fileRef = 8AB4E2DD29003F5E00195D17 /* SettingsViewController.swift */; };
		8AB4E2E029003F6800195D17 /* RulesViewController.swift in Sources */ = {isa = PBXBuildFile; fileRef = 8AB4E2DF29003F6800195D17 /* RulesViewController.swift */; };
/* End PBXBuildFile section */

/* Begin PBXFileReference section */
		890441AF290971F9007F670E /* SettingsView.swift */ = {isa = PBXFileReference; lastKnownFileType = sourcecode.swift; path = SettingsView.swift; sourceTree = "<group>"; };
		890441B129097391007F670E /* UISlider + Extension.swift */ = {isa = PBXFileReference; lastKnownFileType = sourcecode.swift; path = "UISlider + Extension.swift"; sourceTree = "<group>"; };
		892328ED2922A18000679630 /* UIControl + Extension.swift */ = {isa = PBXFileReference; lastKnownFileType = sourcecode.swift; path = "UIControl + Extension.swift"; sourceTree = "<group>"; };
		8949F4AE2900412400A77EDB /* StartViewModel.swift */ = {isa = PBXFileReference; lastKnownFileType = sourcecode.swift; path = StartViewModel.swift; sourceTree = "<group>"; };
		8949F4B12900414B00A77EDB /* SettingsViewModel.swift */ = {isa = PBXFileReference; lastKnownFileType = sourcecode.swift; path = SettingsViewModel.swift; sourceTree = "<group>"; };
		8949F4B42900415C00A77EDB /* RulesViewModel.swift */ = {isa = PBXFileReference; lastKnownFileType = sourcecode.swift; path = RulesViewModel.swift; sourceTree = "<group>"; };
		89C60464290162FE0071A198 /* DataStorage.swift */ = {isa = PBXFileReference; lastKnownFileType = sourcecode.swift; path = DataStorage.swift; sourceTree = "<group>"; };
		89F368562923927B005EDCE0 /* UIImageView + Extension.swift */ = {isa = PBXFileReference; lastKnownFileType = sourcecode.swift; path = "UIImageView + Extension.swift"; sourceTree = "<group>"; };
		8A1E92E02909F16400B8A58D /* GameViewController.swift */ = {isa = PBXFileReference; lastKnownFileType = sourcecode.swift; path = GameViewController.swift; sourceTree = "<group>"; };
		8A1E92E22909F17200B8A58D /* GameViewModel.swift */ = {isa = PBXFileReference; lastKnownFileType = sourcecode.swift; path = GameViewModel.swift; sourceTree = "<group>"; };
		8A1E92E72909F1D900B8A58D /* AnswerViewController.swift */ = {isa = PBXFileReference; lastKnownFileType = sourcecode.swift; path = AnswerViewController.swift; sourceTree = "<group>"; };
		8A1E92EB2909F29000B8A58D /* StartRoundViewController.swift */ = {isa = PBXFileReference; lastKnownFileType = sourcecode.swift; path = StartRoundViewController.swift; sourceTree = "<group>"; };
		8A1E92ED2909F29F00B8A58D /* StartRoundViewModel.swift */ = {isa = PBXFileReference; lastKnownFileType = sourcecode.swift; path = StartRoundViewModel.swift; sourceTree = "<group>"; };
		8A1E92EF2909F2AF00B8A58D /* AnswerViewModel.swift */ = {isa = PBXFileReference; lastKnownFileType = sourcecode.swift; path = AnswerViewModel.swift; sourceTree = "<group>"; };
		8A31245229015D0100BCCBB2 /* UIButton + Extension.swift */ = {isa = PBXFileReference; lastKnownFileType = sourcecode.swift; path = "UIButton + Extension.swift"; sourceTree = "<group>"; };
		8A3124552901698400BCCBB2 /* UILabel + Extension.swift */ = {isa = PBXFileReference; lastKnownFileType = sourcecode.swift; path = "UILabel + Extension.swift"; sourceTree = "<group>"; };
		8A31245729016AA900BCCBB2 /* UIFont + Extension.swift */ = {isa = PBXFileReference; lastKnownFileType = sourcecode.swift; path = "UIFont + Extension.swift"; sourceTree = "<group>"; };
		8A31245929016C9200BCCBB2 /* UIStackView + Extension.swift */ = {isa = PBXFileReference; lastKnownFileType = sourcecode.swift; path = "UIStackView + Extension.swift"; sourceTree = "<group>"; };
		8A31245B2901775E00BCCBB2 /* UIScrollView + Extension.swift */ = {isa = PBXFileReference; lastKnownFileType = sourcecode.swift; path = "UIScrollView + Extension.swift"; sourceTree = "<group>"; };
		8A3124602902B49900BCCBB2 /* TeamBuildingViewController.swift */ = {isa = PBXFileReference; lastKnownFileType = sourcecode.swift; path = TeamBuildingViewController.swift; sourceTree = "<group>"; };
		8A3124632902B4BD00BCCBB2 /* TeamBuildingViewModel.swift */ = {isa = PBXFileReference; lastKnownFileType = sourcecode.swift; path = TeamBuildingViewModel.swift; sourceTree = "<group>"; };
		8A3124672902D45E00BCCBB2 /* DevelopersViewController.swift */ = {isa = PBXFileReference; lastKnownFileType = sourcecode.swift; path = DevelopersViewController.swift; sourceTree = "<group>"; };
		8A31246A2902D49C00BCCBB2 /* DevelopersViewModel.swift */ = {isa = PBXFileReference; lastKnownFileType = sourcecode.swift; path = DevelopersViewModel.swift; sourceTree = "<group>"; };
		8A31246E2902DD4900BCCBB2 /* DeveloperView.swift */ = {isa = PBXFileReference; lastKnownFileType = sourcecode.swift; path = DeveloperView.swift; sourceTree = "<group>"; };
		8A76A35629046923001D38BD /* ResultViewController.swift */ = {isa = PBXFileReference; lastKnownFileType = sourcecode.swift; path = ResultViewController.swift; sourceTree = "<group>"; };
		8A76A35829046931001D38BD /* ResultViewModel.swift */ = {isa = PBXFileReference; lastKnownFileType = sourcecode.swift; path = ResultViewModel.swift; sourceTree = "<group>"; };
		8A76A35A29046BB1001D38BD /* ResultView.swift */ = {isa = PBXFileReference; lastKnownFileType = sourcecode.swift; path = ResultView.swift; sourceTree = "<group>"; };
		8A7BCDA7297B7ED3003DD681 /* BasicViewController.swift */ = {isa = PBXFileReference; lastKnownFileType = sourcecode.swift; path = BasicViewController.swift; sourceTree = "<group>"; };
		8A7BCDAA297E3F99003DD681 /* UserSettings.swift */ = {isa = PBXFileReference; lastKnownFileType = sourcecode.swift; path = UserSettings.swift; sourceTree = "<group>"; };
		8A7BCDB0297EDAF7003DD681 /* SetupTeam.swift */ = {isa = PBXFileReference; lastKnownFileType = sourcecode.swift; path = SetupTeam.swift; sourceTree = "<group>"; };
		8A80B1EE29084EF500E3CE40 /* UIColor + Extension.swift */ = {isa = PBXFileReference; lastKnownFileType = sourcecode.swift; path = "UIColor + Extension.swift"; sourceTree = "<group>"; };
		8A80B1F029091F7A00E3CE40 /* CustomTextField.swift */ = {isa = PBXFileReference; lastKnownFileType = sourcecode.swift; path = CustomTextField.swift; sourceTree = "<group>"; };
		8A80B1F22909226600E3CE40 /* CustomLabel.swift */ = {isa = PBXFileReference; lastKnownFileType = sourcecode.swift; path = CustomLabel.swift; sourceTree = "<group>"; };
		8A84472A290C82D7006B8DA5 /* QuestionView.swift */ = {isa = PBXFileReference; lastKnownFileType = sourcecode.swift; path = QuestionView.swift; sourceTree = "<group>"; };
		8AB4E2C629003D0200195D17 /* BoysVersusGirlsGame.app */ = {isa = PBXFileReference; explicitFileType = wrapper.application; includeInIndex = 0; path = BoysVersusGirlsGame.app; sourceTree = BUILT_PRODUCTS_DIR; };
		8AB4E2C929003D0200195D17 /* AppDelegate.swift */ = {isa = PBXFileReference; lastKnownFileType = sourcecode.swift; path = AppDelegate.swift; sourceTree = "<group>"; };
		8AB4E2CB29003D0200195D17 /* SceneDelegate.swift */ = {isa = PBXFileReference; lastKnownFileType = sourcecode.swift; path = SceneDelegate.swift; sourceTree = "<group>"; };
		8AB4E2CD29003D0200195D17 /* StartViewController.swift */ = {isa = PBXFileReference; lastKnownFileType = sourcecode.swift; path = StartViewController.swift; sourceTree = "<group>"; };
		8AB4E2D229003D0400195D17 /* Assets.xcassets */ = {isa = PBXFileReference; lastKnownFileType = folder.assetcatalog; path = Assets.xcassets; sourceTree = "<group>"; };
		8AB4E2D529003D0400195D17 /* Base */ = {isa = PBXFileReference; lastKnownFileType = file.storyboard; name = Base; path = Base.lproj/LaunchScreen.storyboard; sourceTree = "<group>"; };
		8AB4E2D729003D0400195D17 /* Info.plist */ = {isa = PBXFileReference; lastKnownFileType = text.plist.xml; path = Info.plist; sourceTree = "<group>"; };
		8AB4E2DD29003F5E00195D17 /* SettingsViewController.swift */ = {isa = PBXFileReference; lastKnownFileType = sourcecode.swift; path = SettingsViewController.swift; sourceTree = "<group>"; };
		8AB4E2DF29003F6800195D17 /* RulesViewController.swift */ = {isa = PBXFileReference; lastKnownFileType = sourcecode.swift; path = RulesViewController.swift; sourceTree = "<group>"; };
/* End PBXFileReference section */

/* Begin PBXFrameworksBuildPhase section */
		8AB4E2C329003D0200195D17 /* Frameworks */ = {
			isa = PBXFrameworksBuildPhase;
			buildActionMask = 2147483647;
			files = (
			);
			runOnlyForDeploymentPostprocessing = 0;
		};
/* End PBXFrameworksBuildPhase section */

/* Begin PBXGroup section */
		8949F4AA290040FB00A77EDB /* Application */ = {
			isa = PBXGroup;
			children = (
				8AB4E2C929003D0200195D17 /* AppDelegate.swift */,
				8AB4E2CB29003D0200195D17 /* SceneDelegate.swift */,
				8AB4E2D729003D0400195D17 /* Info.plist */,
			);
			path = Application;
			sourceTree = "<group>";
		};
		8949F4AB2900410500A77EDB /* Storyboard */ = {
			isa = PBXGroup;
			children = (
				8AB4E2D429003D0400195D17 /* LaunchScreen.storyboard */,
			);
			path = Storyboard;
			sourceTree = "<group>";
		};
		8949F4AC2900410D00A77EDB /* Resources */ = {
			isa = PBXGroup;
			children = (
				8AB4E2D229003D0400195D17 /* Assets.xcassets */,
			);
			path = Resources;
			sourceTree = "<group>";
		};
		8949F4AD2900411400A77EDB /* StartViewController */ = {
			isa = PBXGroup;
			children = (
				8AB4E2CD29003D0200195D17 /* StartViewController.swift */,
				8949F4AE2900412400A77EDB /* StartViewModel.swift */,
			);
			path = StartViewController;
			sourceTree = "<group>";
		};
		8949F4B02900413B00A77EDB /* SettingsViewController */ = {
			isa = PBXGroup;
			children = (
				8AB4E2DD29003F5E00195D17 /* SettingsViewController.swift */,
				8949F4B12900414B00A77EDB /* SettingsViewModel.swift */,
			);
			path = SettingsViewController;
			sourceTree = "<group>";
		};
		8949F4B32900414F00A77EDB /* RulesViewController */ = {
			isa = PBXGroup;
			children = (
				8AB4E2DF29003F6800195D17 /* RulesViewController.swift */,
				8949F4B42900415C00A77EDB /* RulesViewModel.swift */,
			);
			path = RulesViewController;
			sourceTree = "<group>";
		};
		89C604662901646A0071A198 /* Services */ = {
			isa = PBXGroup;
			children = (
				89C60464290162FE0071A198 /* DataStorage.swift */,
				8A7BCDAA297E3F99003DD681 /* UserSettings.swift */,
			);
			path = Services;
			sourceTree = "<group>";
		};
		8A1E92DF2909F11200B8A58D /* GameViewController */ = {
			isa = PBXGroup;
			children = (
				8A1E92E02909F16400B8A58D /* GameViewController.swift */,
				8A1E92E22909F17200B8A58D /* GameViewModel.swift */,
			);
			path = GameViewController;
			sourceTree = "<group>";
		};
		8A1E92E62909F19F00B8A58D /* StartRoundViewController */ = {
			isa = PBXGroup;
			children = (
				8A1E92EB2909F29000B8A58D /* StartRoundViewController.swift */,
				8A1E92ED2909F29F00B8A58D /* StartRoundViewModel.swift */,
			);
			path = StartRoundViewController;
			sourceTree = "<group>";
		};
		8A1E92E92909F1E400B8A58D /* AnswerViewController */ = {
			isa = PBXGroup;
			children = (
				8A1E92E72909F1D900B8A58D /* AnswerViewController.swift */,
				8A1E92EF2909F2AF00B8A58D /* AnswerViewModel.swift */,
			);
			path = AnswerViewController;
			sourceTree = "<group>";
		};
		8A31245129015B6100BCCBB2 /* Extension */ = {
			isa = PBXGroup;
			children = (
				890441AF290971F9007F670E /* SettingsView.swift */,
				8A7BCDA7297B7ED3003DD681 /* BasicViewController.swift */,
				8A80B1F029091F7A00E3CE40 /* CustomTextField.swift */,
				8A80B1F22909226600E3CE40 /* CustomLabel.swift */,
				8A31246E2902DD4900BCCBB2 /* DeveloperView.swift */,
				8A76A35A29046BB1001D38BD /* ResultView.swift */,
				8A84472A290C82D7006B8DA5 /* QuestionView.swift */,
				8A31245429015D0E00BCCBB2 /* UIKit */,
			);
			path = Extension;
			sourceTree = "<group>";
		};
		8A31245429015D0E00BCCBB2 /* UIKit */ = {
			isa = PBXGroup;
			children = (
				890441B129097391007F670E /* UISlider + Extension.swift */,
				89F368562923927B005EDCE0 /* UIImageView + Extension.swift */,
				8A31245229015D0100BCCBB2 /* UIButton + Extension.swift */,
				8A31245B2901775E00BCCBB2 /* UIScrollView + Extension.swift */,
				8A3124552901698400BCCBB2 /* UILabel + Extension.swift */,
				8A31245729016AA900BCCBB2 /* UIFont + Extension.swift */,
				8A31245929016C9200BCCBB2 /* UIStackView + Extension.swift */,
				8A80B1EE29084EF500E3CE40 /* UIColor + Extension.swift */,
				892328ED2922A18000679630 /* UIControl + Extension.swift */,
			);
			path = UIKit;
			sourceTree = "<group>";
		};
		8A3124622902B49F00BCCBB2 /* TeamBuildingViewController */ = {
			isa = PBXGroup;
			children = (
				8A3124602902B49900BCCBB2 /* TeamBuildingViewController.swift */,
				8A3124632902B4BD00BCCBB2 /* TeamBuildingViewModel.swift */,
			);
			path = TeamBuildingViewController;
			sourceTree = "<group>";
		};
		8A3124692902D47900BCCBB2 /* DevelopersViewController */ = {
			isa = PBXGroup;
			children = (
				8A3124672902D45E00BCCBB2 /* DevelopersViewController.swift */,
				8A31246A2902D49C00BCCBB2 /* DevelopersViewModel.swift */,
			);
			path = DevelopersViewController;
			sourceTree = "<group>";
		};
		8A76A355290468FC001D38BD /* ResultViewController */ = {
			isa = PBXGroup;
			children = (
				8A76A35629046923001D38BD /* ResultViewController.swift */,
				8A76A35829046931001D38BD /* ResultViewModel.swift */,
			);
			path = ResultViewController;
			sourceTree = "<group>";
		};
		8A7BCDAF297E54D9003DD681 /* Models */ = {
			isa = PBXGroup;
			children = (
				8A7BCDB0297EDAF7003DD681 /* SetupTeam.swift */,
			);
			path = Models;
			sourceTree = "<group>";
		};
		8AB4E2BD29003D0200195D17 = {
			isa = PBXGroup;
			children = (
				8AB4E2C829003D0200195D17 /* BoysVersusGirlsGame */,
				8AB4E2C729003D0200195D17 /* Products */,
			);
			sourceTree = "<group>";
		};
		8AB4E2C729003D0200195D17 /* Products */ = {
			isa = PBXGroup;
			children = (
				8AB4E2C629003D0200195D17 /* BoysVersusGirlsGame.app */,
			);
			name = Products;
			sourceTree = "<group>";
		};
		8AB4E2C829003D0200195D17 /* BoysVersusGirlsGame */ = {
			isa = PBXGroup;
			children = (
				8949F4AA290040FB00A77EDB /* Application */,
				8949F4AD2900411400A77EDB /* StartViewController */,
				8949F4B02900413B00A77EDB /* SettingsViewController */,
				8949F4B32900414F00A77EDB /* RulesViewController */,
				8A3124692902D47900BCCBB2 /* DevelopersViewController */,
				8A3124622902B49F00BCCBB2 /* TeamBuildingViewController */,
				8A1E92E62909F19F00B8A58D /* StartRoundViewController */,
				8A1E92DF2909F11200B8A58D /* GameViewController */,
				8A76A355290468FC001D38BD /* ResultViewController */,
				8A1E92E92909F1E400B8A58D /* AnswerViewController */,
				8949F4AC2900410D00A77EDB /* Resources */,
				8949F4AB2900410500A77EDB /* Storyboard */,
				89C604662901646A0071A198 /* Services */,
				8A31245129015B6100BCCBB2 /* Extension */,
				8A7BCDAF297E54D9003DD681 /* Models */,
			);
			path = BoysVersusGirlsGame;
			sourceTree = "<group>";
		};
/* End PBXGroup section */

/* Begin PBXNativeTarget section */
		8AB4E2C529003D0200195D17 /* BoysVersusGirlsGame */ = {
			isa = PBXNativeTarget;
			buildConfigurationList = 8AB4E2DA29003D0400195D17 /* Build configuration list for PBXNativeTarget "BoysVersusGirlsGame" */;
			buildPhases = (
				8AB4E2C229003D0200195D17 /* Sources */,
				8AB4E2C329003D0200195D17 /* Frameworks */,
				8AB4E2C429003D0200195D17 /* Resources */,
			);
			buildRules = (
			);
			dependencies = (
			);
			name = BoysVersusGirlsGame;
			productName = BoysVersusGirlsGame;
			productReference = 8AB4E2C629003D0200195D17 /* BoysVersusGirlsGame.app */;
			productType = "com.apple.product-type.application";
		};
/* End PBXNativeTarget section */

/* Begin PBXProject section */
		8AB4E2BE29003D0200195D17 /* Project object */ = {
			isa = PBXProject;
			attributes = {
				BuildIndependentTargetsInParallel = 1;
				LastSwiftUpdateCheck = 1400;
				LastUpgradeCheck = 1400;
				TargetAttributes = {
					8AB4E2C529003D0200195D17 = {
						CreatedOnToolsVersion = 14.0.1;
					};
				};
			};
			buildConfigurationList = 8AB4E2C129003D0200195D17 /* Build configuration list for PBXProject "BoysVersusGirlsGame" */;
			compatibilityVersion = "Xcode 14.0";
			developmentRegion = en;
			hasScannedForEncodings = 0;
			knownRegions = (
				en,
				Base,
			);
			mainGroup = 8AB4E2BD29003D0200195D17;
			productRefGroup = 8AB4E2C729003D0200195D17 /* Products */;
			projectDirPath = "";
			projectRoot = "";
			targets = (
				8AB4E2C529003D0200195D17 /* BoysVersusGirlsGame */,
			);
		};
/* End PBXProject section */

/* Begin PBXResourcesBuildPhase section */
		8AB4E2C429003D0200195D17 /* Resources */ = {
			isa = PBXResourcesBuildPhase;
			buildActionMask = 2147483647;
			files = (
				8AB4E2D629003D0400195D17 /* LaunchScreen.storyboard in Resources */,
				8AB4E2D329003D0400195D17 /* Assets.xcassets in Resources */,
			);
			runOnlyForDeploymentPostprocessing = 0;
		};
/* End PBXResourcesBuildPhase section */

/* Begin PBXSourcesBuildPhase section */
		8AB4E2C229003D0200195D17 /* Sources */ = {
			isa = PBXSourcesBuildPhase;
			buildActionMask = 2147483647;
			files = (
				89F368572923927B005EDCE0 /* UIImageView + Extension.swift in Sources */,
				8A1E92F02909F2AF00B8A58D /* AnswerViewModel.swift in Sources */,
				8A1E92E12909F16400B8A58D /* GameViewController.swift in Sources */,
				890441B0290971F9007F670E /* SettingsView.swift in Sources */,
				8A31245829016AA900BCCBB2 /* UIFont + Extension.swift in Sources */,
				8A1E92E32909F17200B8A58D /* GameViewModel.swift in Sources */,
				8A80B1F32909226600E3CE40 /* CustomLabel.swift in Sources */,
				8AB4E2E029003F6800195D17 /* RulesViewController.swift in Sources */,
				8A76A35B29046BB1001D38BD /* ResultView.swift in Sources */,
				8A7BCDAB297E3F99003DD681 /* UserSettings.swift in Sources */,
				8A76A35729046923001D38BD /* ResultViewController.swift in Sources */,
				8A1E92E82909F1D900B8A58D /* AnswerViewController.swift in Sources */,
				8A80B1EF29084EF500E3CE40 /* UIColor + Extension.swift in Sources */,
				8A76A35929046931001D38BD /* ResultViewModel.swift in Sources */,
				8A31246B2902D49C00BCCBB2 /* DevelopersViewModel.swift in Sources */,
				8A31245A29016C9200BCCBB2 /* UIStackView + Extension.swift in Sources */,
				8949F4AF2900412400A77EDB /* StartViewModel.swift in Sources */,
				8A7BCDB1297EDAF7003DD681 /* SetupTeam.swift in Sources */,
				8A80B1F129091F7A00E3CE40 /* CustomTextField.swift in Sources */,
				8AB4E2CE29003D0200195D17 /* StartViewController.swift in Sources */,
				8AB4E2CA29003D0200195D17 /* AppDelegate.swift in Sources */,
				8A31246F2902DD4900BCCBB2 /* DeveloperView.swift in Sources */,
				8AB4E2CC29003D0200195D17 /* SceneDelegate.swift in Sources */,
				8A3124642902B4BD00BCCBB2 /* TeamBuildingViewModel.swift in Sources */,
				8A31245329015D0100BCCBB2 /* UIButton + Extension.swift in Sources */,
				8A3124562901698400BCCBB2 /* UILabel + Extension.swift in Sources */,
				8A1E92EE2909F29F00B8A58D /* StartRoundViewModel.swift in Sources */,
				8AB4E2DE29003F5E00195D17 /* SettingsViewController.swift in Sources */,
				89C60465290162FE0071A198 /* DataStorage.swift in Sources */,
				892328EE2922A18000679630 /* UIControl + Extension.swift in Sources */,
				8A84472B290C82D7006B8DA5 /* QuestionView.swift in Sources */,
				8A3124682902D45E00BCCBB2 /* DevelopersViewController.swift in Sources */,
				8949F4B52900415C00A77EDB /* RulesViewModel.swift in Sources */,
				8949F4B22900414B00A77EDB /* SettingsViewModel.swift in Sources */,
				890441B229097391007F670E /* UISlider + Extension.swift in Sources */,
				8A3124612902B49900BCCBB2 /* TeamBuildingViewController.swift in Sources */,
				8A1E92EC2909F29000B8A58D /* StartRoundViewController.swift in Sources */,
				8A7BCDA8297B7ED3003DD681 /* BasicViewController.swift in Sources */,
				8A31245C2901775F00BCCBB2 /* UIScrollView + Extension.swift in Sources */,
			);
			runOnlyForDeploymentPostprocessing = 0;
		};
/* End PBXSourcesBuildPhase section */

/* Begin PBXVariantGroup section */
		8AB4E2D429003D0400195D17 /* LaunchScreen.storyboard */ = {
			isa = PBXVariantGroup;
			children = (
				8AB4E2D529003D0400195D17 /* Base */,
			);
			name = LaunchScreen.storyboard;
			sourceTree = "<group>";
		};
/* End PBXVariantGroup section */

/* Begin XCBuildConfiguration section */
		8AB4E2D829003D0400195D17 /* Debug */ = {
			isa = XCBuildConfiguration;
			buildSettings = {
				ALWAYS_SEARCH_USER_PATHS = NO;
				CLANG_ANALYZER_NONNULL = YES;
				CLANG_ANALYZER_NUMBER_OBJECT_CONVERSION = YES_AGGRESSIVE;
				CLANG_CXX_LANGUAGE_STANDARD = "gnu++20";
				CLANG_ENABLE_MODULES = YES;
				CLANG_ENABLE_OBJC_ARC = YES;
				CLANG_ENABLE_OBJC_WEAK = YES;
				CLANG_WARN_BLOCK_CAPTURE_AUTORELEASING = YES;
				CLANG_WARN_BOOL_CONVERSION = YES;
				CLANG_WARN_COMMA = YES;
				CLANG_WARN_CONSTANT_CONVERSION = YES;
				CLANG_WARN_DEPRECATED_OBJC_IMPLEMENTATIONS = YES;
				CLANG_WARN_DIRECT_OBJC_ISA_USAGE = YES_ERROR;
				CLANG_WARN_DOCUMENTATION_COMMENTS = YES;
				CLANG_WARN_EMPTY_BODY = YES;
				CLANG_WARN_ENUM_CONVERSION = YES;
				CLANG_WARN_INFINITE_RECURSION = YES;
				CLANG_WARN_INT_CONVERSION = YES;
				CLANG_WARN_NON_LITERAL_NULL_CONVERSION = YES;
				CLANG_WARN_OBJC_IMPLICIT_RETAIN_SELF = YES;
				CLANG_WARN_OBJC_LITERAL_CONVERSION = YES;
				CLANG_WARN_OBJC_ROOT_CLASS = YES_ERROR;
				CLANG_WARN_QUOTED_INCLUDE_IN_FRAMEWORK_HEADER = YES;
				CLANG_WARN_RANGE_LOOP_ANALYSIS = YES;
				CLANG_WARN_STRICT_PROTOTYPES = YES;
				CLANG_WARN_SUSPICIOUS_MOVE = YES;
				CLANG_WARN_UNGUARDED_AVAILABILITY = YES_AGGRESSIVE;
				CLANG_WARN_UNREACHABLE_CODE = YES;
				CLANG_WARN__DUPLICATE_METHOD_MATCH = YES;
				COPY_PHASE_STRIP = NO;
				DEBUG_INFORMATION_FORMAT = dwarf;
				ENABLE_STRICT_OBJC_MSGSEND = YES;
				ENABLE_TESTABILITY = YES;
				GCC_C_LANGUAGE_STANDARD = gnu11;
				GCC_DYNAMIC_NO_PIC = NO;
				GCC_NO_COMMON_BLOCKS = YES;
				GCC_OPTIMIZATION_LEVEL = 0;
				GCC_PREPROCESSOR_DEFINITIONS = (
					"DEBUG=1",
					"$(inherited)",
				);
				GCC_WARN_64_TO_32_BIT_CONVERSION = YES;
				GCC_WARN_ABOUT_RETURN_TYPE = YES_ERROR;
				GCC_WARN_UNDECLARED_SELECTOR = YES;
				GCC_WARN_UNINITIALIZED_AUTOS = YES_AGGRESSIVE;
				GCC_WARN_UNUSED_FUNCTION = YES;
				GCC_WARN_UNUSED_VARIABLE = YES;
				IPHONEOS_DEPLOYMENT_TARGET = 16.0;
				MTL_ENABLE_DEBUG_INFO = INCLUDE_SOURCE;
				MTL_FAST_MATH = YES;
				ONLY_ACTIVE_ARCH = YES;
				SDKROOT = iphoneos;
				SWIFT_ACTIVE_COMPILATION_CONDITIONS = DEBUG;
				SWIFT_OPTIMIZATION_LEVEL = "-Onone";
			};
			name = Debug;
		};
		8AB4E2D929003D0400195D17 /* Release */ = {
			isa = XCBuildConfiguration;
			buildSettings = {
				ALWAYS_SEARCH_USER_PATHS = NO;
				CLANG_ANALYZER_NONNULL = YES;
				CLANG_ANALYZER_NUMBER_OBJECT_CONVERSION = YES_AGGRESSIVE;
				CLANG_CXX_LANGUAGE_STANDARD = "gnu++20";
				CLANG_ENABLE_MODULES = YES;
				CLANG_ENABLE_OBJC_ARC = YES;
				CLANG_ENABLE_OBJC_WEAK = YES;
				CLANG_WARN_BLOCK_CAPTURE_AUTORELEASING = YES;
				CLANG_WARN_BOOL_CONVERSION = YES;
				CLANG_WARN_COMMA = YES;
				CLANG_WARN_CONSTANT_CONVERSION = YES;
				CLANG_WARN_DEPRECATED_OBJC_IMPLEMENTATIONS = YES;
				CLANG_WARN_DIRECT_OBJC_ISA_USAGE = YES_ERROR;
				CLANG_WARN_DOCUMENTATION_COMMENTS = YES;
				CLANG_WARN_EMPTY_BODY = YES;
				CLANG_WARN_ENUM_CONVERSION = YES;
				CLANG_WARN_INFINITE_RECURSION = YES;
				CLANG_WARN_INT_CONVERSION = YES;
				CLANG_WARN_NON_LITERAL_NULL_CONVERSION = YES;
				CLANG_WARN_OBJC_IMPLICIT_RETAIN_SELF = YES;
				CLANG_WARN_OBJC_LITERAL_CONVERSION = YES;
				CLANG_WARN_OBJC_ROOT_CLASS = YES_ERROR;
				CLANG_WARN_QUOTED_INCLUDE_IN_FRAMEWORK_HEADER = YES;
				CLANG_WARN_RANGE_LOOP_ANALYSIS = YES;
				CLANG_WARN_STRICT_PROTOTYPES = YES;
				CLANG_WARN_SUSPICIOUS_MOVE = YES;
				CLANG_WARN_UNGUARDED_AVAILABILITY = YES_AGGRESSIVE;
				CLANG_WARN_UNREACHABLE_CODE = YES;
				CLANG_WARN__DUPLICATE_METHOD_MATCH = YES;
				COPY_PHASE_STRIP = NO;
				DEBUG_INFORMATION_FORMAT = "dwarf-with-dsym";
				ENABLE_NS_ASSERTIONS = NO;
				ENABLE_STRICT_OBJC_MSGSEND = YES;
				GCC_C_LANGUAGE_STANDARD = gnu11;
				GCC_NO_COMMON_BLOCKS = YES;
				GCC_WARN_64_TO_32_BIT_CONVERSION = YES;
				GCC_WARN_ABOUT_RETURN_TYPE = YES_ERROR;
				GCC_WARN_UNDECLARED_SELECTOR = YES;
				GCC_WARN_UNINITIALIZED_AUTOS = YES_AGGRESSIVE;
				GCC_WARN_UNUSED_FUNCTION = YES;
				GCC_WARN_UNUSED_VARIABLE = YES;
				IPHONEOS_DEPLOYMENT_TARGET = 16.0;
				MTL_ENABLE_DEBUG_INFO = NO;
				MTL_FAST_MATH = YES;
				SDKROOT = iphoneos;
				SWIFT_COMPILATION_MODE = wholemodule;
				SWIFT_OPTIMIZATION_LEVEL = "-O";
				VALIDATE_PRODUCT = YES;
			};
			name = Release;
		};
		8AB4E2DB29003D0400195D17 /* Debug */ = {
			isa = XCBuildConfiguration;
			buildSettings = {
				ASSETCATALOG_COMPILER_APPICON_NAME = AppIcon;
				ASSETCATALOG_COMPILER_GLOBAL_ACCENT_COLOR_NAME = AccentColor;
				CODE_SIGN_STYLE = Automatic;
				CURRENT_PROJECT_VERSION = 1;
				DEVELOPMENT_TEAM = 5Z3HCFMYW5;
				GENERATE_INFOPLIST_FILE = YES;
				INFOPLIST_FILE = BoysVersusGirlsGame/Application/Info.plist;
				INFOPLIST_KEY_UIApplicationSupportsIndirectInputEvents = YES;
				INFOPLIST_KEY_UILaunchStoryboardName = LaunchScreen;
				INFOPLIST_KEY_UIMainStoryboardFile = "";
				INFOPLIST_KEY_UISupportedInterfaceOrientations_iPad = "UIInterfaceOrientationPortrait UIInterfaceOrientationPortraitUpsideDown UIInterfaceOrientationLandscapeLeft UIInterfaceOrientationLandscapeRight";
				INFOPLIST_KEY_UISupportedInterfaceOrientations_iPhone = "UIInterfaceOrientationPortrait UIInterfaceOrientationLandscapeLeft UIInterfaceOrientationLandscapeRight";
				LD_RUNPATH_SEARCH_PATHS = (
					"$(inherited)",
					"@executable_path/Frameworks",
				);
				MARKETING_VERSION = 1.0;
				PRODUCT_BUNDLE_IDENTIFIER = com.Amuzey.BoysVersusGirlsGame;
				PRODUCT_NAME = "$(TARGET_NAME)";
				SWIFT_EMIT_LOC_STRINGS = YES;
				SWIFT_VERSION = 5.0;
				TARGETED_DEVICE_FAMILY = "1,2";
			};
			name = Debug;
		};
		8AB4E2DC29003D0400195D17 /* Release */ = {
			isa = XCBuildConfiguration;
			buildSettings = {
				ASSETCATALOG_COMPILER_APPICON_NAME = AppIcon;
				ASSETCATALOG_COMPILER_GLOBAL_ACCENT_COLOR_NAME = AccentColor;
				CODE_SIGN_STYLE = Automatic;
				CURRENT_PROJECT_VERSION = 1;
				DEVELOPMENT_TEAM = 5Z3HCFMYW5;
				GENERATE_INFOPLIST_FILE = YES;
				INFOPLIST_FILE = BoysVersusGirlsGame/Application/Info.plist;
				INFOPLIST_KEY_UIApplicationSupportsIndirectInputEvents = YES;
				INFOPLIST_KEY_UILaunchStoryboardName = LaunchScreen;
				INFOPLIST_KEY_UIMainStoryboardFile = "";
				INFOPLIST_KEY_UISupportedInterfaceOrientations_iPad = "UIInterfaceOrientationPortrait UIInterfaceOrientationPortraitUpsideDown UIInterfaceOrientationLandscapeLeft UIInterfaceOrientationLandscapeRight";
				INFOPLIST_KEY_UISupportedInterfaceOrientations_iPhone = "UIInterfaceOrientationPortrait UIInterfaceOrientationLandscapeLeft UIInterfaceOrientationLandscapeRight";
				LD_RUNPATH_SEARCH_PATHS = (
					"$(inherited)",
					"@executable_path/Frameworks",
				);
				MARKETING_VERSION = 1.0;
				PRODUCT_BUNDLE_IDENTIFIER = com.Amuzey.BoysVersusGirlsGame;
				PRODUCT_NAME = "$(TARGET_NAME)";
				SWIFT_EMIT_LOC_STRINGS = YES;
				SWIFT_VERSION = 5.0;
				TARGETED_DEVICE_FAMILY = "1,2";
			};
			name = Release;
		};
/* End XCBuildConfiguration section */

/* Begin XCConfigurationList section */
		8AB4E2C129003D0200195D17 /* Build configuration list for PBXProject "BoysVersusGirlsGame" */ = {
			isa = XCConfigurationList;
			buildConfigurations = (
				8AB4E2D829003D0400195D17 /* Debug */,
				8AB4E2D929003D0400195D17 /* Release */,
			);
			defaultConfigurationIsVisible = 0;
			defaultConfigurationName = Release;
		};
		8AB4E2DA29003D0400195D17 /* Build configuration list for PBXNativeTarget "BoysVersusGirlsGame" */ = {
			isa = XCConfigurationList;
			buildConfigurations = (
				8AB4E2DB29003D0400195D17 /* Debug */,
				8AB4E2DC29003D0400195D17 /* Release */,
			);
			defaultConfigurationIsVisible = 0;
			defaultConfigurationName = Release;
		};
/* End XCConfigurationList section */
	};
	rootObject = 8AB4E2BE29003D0200195D17 /* Project object */;
}
